
Microsoft Visual Studio Solution File, Format Version 12.00
# Visual Studio Version 17
VisualStudioVersion = 17.5.002.0
MinimumVisualStudioVersion = 10.0.40219.1
Project("{9A19103F-16F7-4668-BE54-9A1E7A4F7556}") = "TrilhaApiDesafio", "TrilhaApiDesafio.csproj", "{F3F6ED1E-26F5-40A1-926E-EE10F5F2B1C8}"
EndProject
Global
	GlobalSection(SolutionConfigurationPlatforms) = preSolution
		Debug|Any CPU = Debug|Any CPU
		Release|Any CPU = Release|Any CPU
	EndGlobalSection
	GlobalSection(ProjectConfigurationPlatforms) = postSolution
		{F3F6ED1E-26F5-40A1-926E-EE10F5F2B1C8}.Debug|Any CPU.ActiveCfg = Debug|Any CPU
		{F3F6ED1E-26F5-40A1-926E-EE10F5F2B1C8}.Debug|Any CPU.Build.0 = Debug|Any CPU
		{F3F6ED1E-26F5-40A1-926E-EE10F5F2B1C8}.Release|Any CPU.ActiveCfg = Release|Any CPU
		{F3F6ED1E-26F5-40A1-926E-EE10F5F2B1C8}.Release|Any CPU.Build.0 = Release|Any CPU
	EndGlobalSection
	GlobalSection(SolutionProperties) = preSolution
		HideSolutionNode = FALSE
	EndGlobalSection
	GlobalSection(ExtensibilityGlobals) = postSolution
		SolutionGuid = {923C9E59-5244-4A69-AA6A-5E15B391A9FE}
	EndGlobalSection
EndGlobal
